
Microsoft Visual Studio Solution File, Format Version 12.00
# Visual Studio 15
Project("{FAE04EC0-301F-11D3-BF4B-00C04F79EFBC}") = "Assembly-CSharp", "Assembly-CSharp.csproj", "{8E350FA8-2455-7CCE-90F6-431DEB5FC6CC}"
EndProject
Global
	GlobalSection(SolutionConfigurationPlatforms) = preSolution
		Debug|Any CPU = Debug|Any CPU
		Release|Any CPU = Release|Any CPU
	EndGlobalSection
	GlobalSection(ProjectConfigurationPlatforms) = postSolution
		{8E350FA8-2455-7CCE-90F6-431DEB5FC6CC}.Debug|Any CPU.ActiveCfg = Debug|Any CPU
		{8E350FA8-2455-7CCE-90F6-431DEB5FC6CC}.Debug|Any CPU.Build.0 = Debug|Any CPU
		{8E350FA8-2455-7CCE-90F6-431DEB5FC6CC}.Release|Any CPU.ActiveCfg = Release|Any CPU
		{8E350FA8-2455-7CCE-90F6-431DEB5FC6CC}.Release|Any CPU.Build.0 = Release|Any CPU
	EndGlobalSection
	GlobalSection(SolutionProperties) = preSolution
		HideSolutionNode = FALSE
	EndGlobalSection
EndGlobal
